
Microsoft Visual Studio Solution File, Format Version 12.00
# Visual Studio Version 17
VisualStudioVersion = 17.4.33020.496
MinimumVisualStudioVersion = 10.0.40219.1
Project("{9A19103F-16F7-4668-BE54-9A1E7A4F7556}") = "GoAwayEdge", "GoAwayEdge\GoAwayEdge.csproj", "{95F3960E-372B-45F3-85D8-CD06F4D8B271}"
EndProject
Global
	GlobalSection(SolutionConfigurationPlatforms) = preSolution
		Debug|Any CPU = Debug|Any CPU
		Release|Any CPU = Release|Any CPU
	EndGlobalSection
	GlobalSection(ProjectConfigurationPlatforms) = postSolution
		{95F3960E-372B-45F3-85D8-CD06F4D8B271}.Debug|Any CPU.ActiveCfg = Debug|Any CPU
		{95F3960E-372B-45F3-85D8-CD06F4D8B271}.Debug|Any CPU.Build.0 = Debug|Any CPU
		{95F3960E-372B-45F3-85D8-CD06F4D8B271}.Release|Any CPU.ActiveCfg = Release|Any CPU
		{95F3960E-372B-45F3-85D8-CD06F4D8B271}.Release|Any CPU.Build.0 = Release|Any CPU
	EndGlobalSection
	GlobalSection(SolutionProperties) = preSolution
		HideSolutionNode = FALSE
	EndGlobalSection
	GlobalSection(ExtensibilityGlobals) = postSolution
		SolutionGuid = {D20C3464-AF65-471C-BCB5-27DED57893FE}
	EndGlobalSection
EndGlobal
